schema: '2.0'
stages:
  get_data:
    cmd: python src/get_data.py
    deps:
    - path: src/get_data.py
      hash: md5
      md5: 0eed5ec8b92df9b4548a15f66cf49707
      size: 498
    outs:
    - path: smsspamcollection
      hash: md5
      md5: 6a96da26fe9ed5d450b58dd97347334e.dir
      size: 687902
      nfiles: 3
  preprocess:
    cmd: python src/text_preprocessing.py
    deps:
    - path: src/text_preprocessing.py
      hash: md5
      md5: ed0b9c3b0ff2d70215f4e58f517a46cf
      size: 2533
    outs:
    - path: output/preprocessed_data.joblib
      hash: md5
      md5: de91a02fc19c11a3253c8111839d4e30
      size: 495124
    - path: output/preprocessor.joblib
      hash: md5
      md5: ad7928e20f2933b6c7368d094654b6f5
      size: 192137
  train:
    cmd: python src/text_classification.py
    deps:
    - path: src/text_classification.py
      hash: md5
      md5: 5744bb7e71967a3a779f7b3d9f10290b
      size: 3372
    outs:
    - path: acc.json
      hash: md5
      md5: c9bf7ca9914c278b81ea7c15c2394e77
      size: 233
    - path: output/model.joblib
      hash: md5
      md5: 234262d9afc38c2f282ed89a9ad6b720
      size: 16601
